// !$*UTF8*$!
{
	archiveVersion = 1;
	classes = {
	};
	objectVersion = 46;
	objects = {

/* Begin PBXBuildFile section */
		B2AAC2BA1AB56F45002FFF73 /* main.m in Sources */ = {isa = PBXBuildFile; fileRef = B2AAC2B91AB56F45002FFF73 /* main.m */; };
		B2AAC2BD1AB56F45002FFF73 /* AppDelegate.m in Sources */ = {isa = PBXBuildFile; fileRef = B2AAC2BC1AB56F45002FFF73 /* AppDelegate.m */; };
		B2AAC2C31AB56F45002FFF73 /* Main.storyboard in Resources */ = {isa = PBXBuildFile; fileRef = B2AAC2C11AB56F45002FFF73 /* Main.storyboard */; };
		B2AAC2C51AB56F45002FFF73 /* Images.xcassets in Resources */ = {isa = PBXBuildFile; fileRef = B2AAC2C41AB56F45002FFF73 /* Images.xcassets */; };
		B2AAC2C81AB56F45002FFF73 /* LaunchScreen.xib in Resources */ = {isa = PBXBuildFile; fileRef = B2AAC2C61AB56F45002FFF73 /* LaunchScreen.xib */; };
		B2AAC2D41AB56F45002FFF73 /* AirWarTests.m in Sources */ = {isa = PBXBuildFile; fileRef = B2AAC2D31AB56F45002FFF73 /* AirWarTests.m */; };
		B2AAC2DF1AB56F99002FFF73 /* MainView.m in Sources */ = {isa = PBXBuildFile; fileRef = B2AAC2DE1AB56F99002FFF73 /* MainView.m */; };
		B2AAC2E21AB56FAD002FFF73 /* MainViewController.m in Sources */ = {isa = PBXBuildFile; fileRef = B2AAC2E11AB56FAD002FFF73 /* MainViewController.m */; };
		B2AAC2E91AB57619002FFF73 /* bz.png in Resources */ = {isa = PBXBuildFile; fileRef = B2AAC2E51AB57619002FFF73 /* bz.png */; };
		B2AAC2EA1AB57619002FFF73 /* dr.png in Resources */ = {isa = PBXBuildFile; fileRef = B2AAC2E61AB57619002FFF73 /* dr.png */; };
		B2AAC2EB1AB57619002FFF73 /* nc.png in Resources */ = {isa = PBXBuildFile; fileRef = B2AAC2E71AB57619002FFF73 /* nc.png */; };
		B2AAC2EC1AB57619002FFF73 /* zd.png in Resources */ = {isa = PBXBuildFile; fileRef = B2AAC2E81AB57619002FFF73 /* zd.png */; };
		B2AAC2EF1AB577DA002FFF73 /* LJSprite.m in Sources */ = {isa = PBXBuildFile; fileRef = B2AAC2EE1AB577DA002FFF73 /* LJSprite.m */; };
/* End PBXBuildFile section */

/* Begin PBXContainerItemProxy section */
		B2AAC2CE1AB56F45002FFF73 /* PBXContainerItemProxy */ = {
			isa = PBXContainerItemProxy;
			containerPortal = B2AAC2AC1AB56F45002FFF73 /* Project object */;
			proxyType = 1;
			remoteGlobalIDString = B2AAC2B31AB56F45002FFF73;
			remoteInfo = AirWar;
		};
/* End PBXContainerItemProxy section */

/* Begin PBXFileReference section */
		B2AAC2B41AB56F45002FFF73 /* AirWar.app */ = {isa = PBXFileReference; explicitFileType = wrapper.application; includeInIndex = 0; path = AirWar.app; sourceTree = BUILT_PRODUCTS_DIR; };
		B2AAC2B81AB56F45002FFF73 /* Info.plist */ = {isa = PBXFileReference; lastKnownFileType = text.plist.xml; path = Info.plist; sourceTree = "<group>"; };
		B2AAC2B91AB56F45002FFF73 /* main.m */ = {isa = PBXFileReference; lastKnownFileType = sourcecode.c.objc; path = main.m; sourceTree = "<group>"; };
		B2AAC2BB1AB56F45002FFF73 /* AppDelegate.h */ = {isa = PBXFileReference; lastKnownFileType = sourcecode.c.h; path = AppDelegate.h; sourceTree = "<group>"; };
		B2AAC2BC1AB56F45002FFF73 /* AppDelegate.m */ = {isa = PBXFileReference; lastKnownFileType = sourcecode.c.objc; path = AppDelegate.m; sourceTree = "<group>"; };
		B2AAC2C21AB56F45002FFF73 /* Base */ = {isa = PBXFileReference; lastKnownFileType = file.storyboard; name = Base; path = Base.lproj/Main.storyboard; sourceTree = "<group>"; };
		B2AAC2C41AB56F45002FFF73 /* Images.xcassets */ = {isa = PBXFileReference; lastKnownFileType = folder.assetcatalog; path = Images.xcassets; sourceTree = "<group>"; };
		B2AAC2C71AB56F45002FFF73 /* Base */ = {isa = PBXFileReference; lastKnownFileType = file.xib; name = Base; path = Base.lproj/LaunchScreen.xib; sourceTree = "<group>"; };
		B2AAC2CD1AB56F45002FFF73 /* AirWarTests.xctest */ = {isa = PBXFileReference; explicitFileType = wrapper.cfbundle; includeInIndex = 0; path = AirWarTests.xctest; sourceTree = BUILT_PRODUCTS_DIR; };
		B2AAC2D21AB56F45002FFF73 /* Info.plist */ = {isa = PBXFileReference; lastKnownFileType = text.plist.xml; path = Info.plist; sourceTree = "<group>"; };
		B2AAC2D31AB56F45002FFF73 /* AirWarTests.m */ = {isa = PBXFileReference; lastKnownFileType = sourcecode.c.objc; path = AirWarTests.m; sourceTree = "<group>"; };
		B2AAC2DD1AB56F99002FFF73 /* MainView.h */ = {isa = PBXFileReference; fileEncoding = 4; lastKnownFileType = sourcecode.c.h; path = MainView.h; sourceTree = "<group>"; };
		B2AAC2DE1AB56F99002FFF73 /* MainView.m */ = {isa = PBXFileReference; fileEncoding = 4; lastKnownFileType = sourcecode.c.objc; path = MainView.m; sourceTree = "<group>"; };
		B2AAC2E01AB56FAD002FFF73 /* MainViewController.h */ = {isa = PBXFileReference; fileEncoding = 4; lastKnownFileType = sourcecode.c.h; path = MainViewController.h; sourceTree = "<group>"; };
		B2AAC2E11AB56FAD002FFF73 /* MainViewController.m */ = {isa = PBXFileReference; fileEncoding = 4; lastKnownFileType = sourcecode.c.objc; path = MainViewController.m; sourceTree = "<group>"; };
		B2AAC2E51AB57619002FFF73 /* bz.png */ = {isa = PBXFileReference; lastKnownFileType = image.png; path = bz.png; sourceTree = SOURCE_ROOT; };
		B2AAC2E61AB57619002FFF73 /* dr.png */ = {isa = PBXFileReference; lastKnownFileType = image.png; path = dr.png; sourceTree = SOURCE_ROOT; };
		B2AAC2E71AB57619002FFF73 /* nc.png */ = {isa = PBXFileReference; lastKnownFileType = image.png; path = nc.png; sourceTree = SOURCE_ROOT; };
		B2AAC2E81AB57619002FFF73 /* zd.png */ = {isa = PBXFileReference; lastKnownFileType = image.png; path = zd.png; sourceTree = SOURCE_ROOT; };
		B2AAC2ED1AB577DA002FFF73 /* LJSprite.h */ = {isa = PBXFileReference; fileEncoding = 4; lastKnownFileType = sourcecode.c.h; path = LJSprite.h; sourceTree = "<group>"; };
		B2AAC2EE1AB577DA002FFF73 /* LJSprite.m */ = {isa = PBXFileReference; fileEncoding = 4; lastKnownFileType = sourcecode.c.objc; path = LJSprite.m; sourceTree = "<group>"; };
/* End PBXFileReference section */

/* Begin PBXFrameworksBuildPhase section */
		B2AAC2B11AB56F45002FFF73 /* Frameworks */ = {
			isa = PBXFrameworksBuildPhase;
			buildActionMask = 2147483647;
			files = (
			);
			runOnlyForDeploymentPostprocessing = 0;
		};
		B2AAC2CA1AB56F45002FFF73 /* Frameworks */ = {
			isa = PBXFrameworksBuildPhase;
			buildActionMask = 2147483647;
			files = (
			);
			runOnlyForDeploymentPostprocessing = 0;
		};
/* End PBXFrameworksBuildPhase section */

/* Begin PBXGroup section */
		B2AAC2AB1AB56F45002FFF73 = {
			isa = PBXGroup;
			children = (
				B2AAC2B61AB56F45002FFF73 /* AirWar */,
				B2AAC2D01AB56F45002FFF73 /* AirWarTests */,
				B2AAC2B51AB56F45002FFF73 /* Products */,
			);
			sourceTree = "<group>";
		};
		B2AAC2B51AB56F45002FFF73 /* Products */ = {
			isa = PBXGroup;
			children = (
				B2AAC2B41AB56F45002FFF73 /* AirWar.app */,
				B2AAC2CD1AB56F45002FFF73 /* AirWarTests.xctest */,
			);
			name = Products;
			sourceTree = "<group>";
		};
		B2AAC2B61AB56F45002FFF73 /* AirWar */ = {
			isa = PBXGroup;
			children = (
				B2AAC2E51AB57619002FFF73 /* bz.png */,
				B2AAC2E61AB57619002FFF73 /* dr.png */,
				B2AAC2E71AB57619002FFF73 /* nc.png */,
				B2AAC2E81AB57619002FFF73 /* zd.png */,
				B2AAC2BB1AB56F45002FFF73 /* AppDelegate.h */,
				B2AAC2BC1AB56F45002FFF73 /* AppDelegate.m */,
				B2AAC2C11AB56F45002FFF73 /* Main.storyboard */,
				B2AAC2C41AB56F45002FFF73 /* Images.xcassets */,
				B2AAC2C61AB56F45002FFF73 /* LaunchScreen.xib */,
				B2AAC2B71AB56F45002FFF73 /* Supporting Files */,
				B2AAC2DD1AB56F99002FFF73 /* MainView.h */,
				B2AAC2DE1AB56F99002FFF73 /* MainView.m */,
				B2AAC2E01AB56FAD002FFF73 /* MainViewController.h */,
				B2AAC2E11AB56FAD002FFF73 /* MainViewController.m */,
				B2AAC2ED1AB577DA002FFF73 /* LJSprite.h */,
				B2AAC2EE1AB577DA002FFF73 /* LJSprite.m */,
			);
			path = AirWar;
			sourceTree = "<group>";
		};
		B2AAC2B71AB56F45002FFF73 /* Supporting Files */ = {
			isa = PBXGroup;
			children = (
				B2AAC2B81AB56F45002FFF73 /* Info.plist */,
				B2AAC2B91AB56F45002FFF73 /* main.m */,
			);
			name = "Supporting Files";
			sourceTree = "<group>";
		};
		B2AAC2D01AB56F45002FFF73 /* AirWarTests */ = {
			isa = PBXGroup;
			children = (
				B2AAC2D31AB56F45002FFF73 /* AirWarTests.m */,
				B2AAC2D11AB56F45002FFF73 /* Supporting Files */,
			);
			path = AirWarTests;
			sourceTree = "<group>";
		};
		B2AAC2D11AB56F45002FFF73 /* Supporting Files */ = {
			isa = PBXGroup;
			children = (
				B2AAC2D21AB56F45002FFF73 /* Info.plist */,
			);
			name = "Supporting Files";
			sourceTree = "<group>";
		};
/* End PBXGroup section */

/* Begin PBXNativeTarget section */
		B2AAC2B31AB56F45002FFF73 /* AirWar */ = {
			isa = PBXNativeTarget;
			buildConfigurationList = B2AAC2D71AB56F45002FFF73 /* Build configuration list for PBXNativeTarget "AirWar" */;
			buildPhases = (
				B2AAC2B01AB56F45002FFF73 /* Sources */,
				B2AAC2B11AB56F45002FFF73 /* Frameworks */,
				B2AAC2B21AB56F45002FFF73 /* Resources */,
			);
			buildRules = (
			);
			dependencies = (
			);
			name = AirWar;
			productName = AirWar;
			productReference = B2AAC2B41AB56F45002FFF73 /* AirWar.app */;
			productType = "com.apple.product-type.application";
		};
		B2AAC2CC1AB56F45002FFF73 /* AirWarTests */ = {
			isa = PBXNativeTarget;
			buildConfigurationList = B2AAC2DA1AB56F45002FFF73 /* Build configuration list for PBXNativeTarget "AirWarTests" */;
			buildPhases = (
				B2AAC2C91AB56F45002FFF73 /* Sources */,
				B2AAC2CA1AB56F45002FFF73 /* Frameworks */,
				B2AAC2CB1AB56F45002FFF73 /* Resources */,
			);
			buildRules = (
			);
			dependencies = (
				B2AAC2CF1AB56F45002FFF73 /* PBXTargetDependency */,
			);
			name = AirWarTests;
			productName = AirWarTests;
			productReference = B2AAC2CD1AB56F45002FFF73 /* AirWarTests.xctest */;
			productType = "com.apple.product-type.bundle.unit-test";
		};
/* End PBXNativeTarget section */

/* Begin PBXProject section */
		B2AAC2AC1AB56F45002FFF73 /* Project object */ = {
			isa = PBXProject;
			attributes = {
				LastUpgradeCheck = 0610;
				ORGANIZATIONNAME = locky1218;
				TargetAttributes = {
					B2AAC2B31AB56F45002FFF73 = {
						CreatedOnToolsVersion = 6.1;
					};
					B2AAC2CC1AB56F45002FFF73 = {
						CreatedOnToolsVersion = 6.1;
						TestTargetID = B2AAC2B31AB56F45002FFF73;
					};
				};
			};
			buildConfigurationList = B2AAC2AF1AB56F45002FFF73 /* Build configuration list for PBXProject "AirWar" */;
			compatibilityVersion = "Xcode 3.2";
			developmentRegion = English;
			hasScannedForEncodings = 0;
			knownRegions = (
				en,
				Base,
			);
			mainGroup = B2AAC2AB1AB56F45002FFF73;
			productRefGroup = B2AAC2B51AB56F45002FFF73 /* Products */;
			projectDirPath = "";
			projectRoot = "";
			targets = (
				B2AAC2B31AB56F45002FFF73 /* AirWar */,
				B2AAC2CC1AB56F45002FFF73 /* AirWarTests */,
			);
		};
/* End PBXProject section */

/* Begin PBXResourcesBuildPhase section */
		B2AAC2B21AB56F45002FFF73 /* Resources */ = {
			isa = PBXResourcesBuildPhase;
			buildActionMask = 2147483647;
			files = (
				B2AAC2EB1AB57619002FFF73 /* nc.png in Resources */,
				B2AAC2EA1AB57619002FFF73 /* dr.png in Resources */,
				B2AAC2C31AB56F45002FFF73 /* Main.storyboard in Resources */,
				B2AAC2EC1AB57619002FFF73 /* zd.png in Resources */,
				B2AAC2E91AB57619002FFF73 /* bz.png in Resources */,
				B2AAC2C81AB56F45002FFF73 /* LaunchScreen.xib in Resources */,
				B2AAC2C51AB56F45002FFF73 /* Images.xcassets in Resources */,
			);
			runOnlyForDeploymentPostprocessing = 0;
		};
		B2AAC2CB1AB56F45002FFF73 /* Resources */ = {
			isa = PBXResourcesBuildPhase;
			buildActionMask = 2147483647;
			files = (
			);
			runOnlyForDeploymentPostprocessing = 0;
		};
/* End PBXResourcesBuildPhase section */

/* Begin PBXSourcesBuildPhase section */
		B2AAC2B01AB56F45002FFF73 /* Sources */ = {
			isa = PBXSourcesBuildPhase;
			buildActionMask = 2147483647;
			files = (
				B2AAC2DF1AB56F99002FFF73 /* MainView.m in Sources */,
				B2AAC2BD1AB56F45002FFF73 /* AppDelegate.m in Sources */,
				B2AAC2E21AB56FAD002FFF73 /* MainViewController.m in Sources */,
				B2AAC2EF1AB577DA002FFF73 /* LJSprite.m in Sources */,
				B2AAC2BA1AB56F45002FFF73 /* main.m in Sources */,
			);
			runOnlyForDeploymentPostprocessing = 0;
		};
		B2AAC2C91AB56F45002FFF73 /* Sources */ = {
			isa = PBXSourcesBuildPhase;
			buildActionMask = 2147483647;
			files = (
				B2AAC2D41AB56F45002FFF73 /* AirWarTests.m in Sources */,
			);
			runOnlyForDeploymentPostprocessing = 0;
		};
/* End PBXSourcesBuildPhase section */

/* Begin PBXTargetDependency section */
		B2AAC2CF1AB56F45002FFF73 /* PBXTargetDependency */ = {
			isa = PBXTargetDependency;
			target = B2AAC2B31AB56F45002FFF73 /* AirWar */;
			targetProxy = B2AAC2CE1AB56F45002FFF73 /* PBXContainerItemProxy */;
		};
/* End PBXTargetDependency section */

/* Begin PBXVariantGroup section */
		B2AAC2C11AB56F45002FFF73 /* Main.storyboard */ = {
			isa = PBXVariantGroup;
			children = (
				B2AAC2C21AB56F45002FFF73 /* Base */,
			);
			name = Main.storyboard;
			sourceTree = "<group>";
		};
		B2AAC2C61AB56F45002FFF73 /* LaunchScreen.xib */ = {
			isa = PBXVariantGroup;
			children = (
				B2AAC2C71AB56F45002FFF73 /* Base */,
			);
			name = LaunchScreen.xib;
			sourceTree = "<group>";
		};
/* End PBXVariantGroup section */

/* Begin XCBuildConfiguration section */
		B2AAC2D51AB56F45002FFF73 /* Debug */ = {
			isa = XCBuildConfiguration;
			buildSettings = {
				ALWAYS_SEARCH_USER_PATHS = NO;
				CLANG_CXX_LANGUAGE_STANDARD = "gnu++0x";
				CLANG_CXX_LIBRARY = "libc++";
				CLANG_ENABLE_MODULES = YES;
				CLANG_ENABLE_OBJC_ARC = YES;
				CLANG_WARN_BOOL_CONVERSION = YES;
				CLANG_WARN_CONSTANT_CONVERSION = YES;
				CLANG_WARN_DIRECT_OBJC_ISA_USAGE = YES_ERROR;
				CLANG_WARN_EMPTY_BODY = YES;
				CLANG_WARN_ENUM_CONVERSION = YES;
				CLANG_WARN_INT_CONVERSION = YES;
				CLANG_WARN_OBJC_ROOT_CLASS = YES_ERROR;
				CLANG_WARN_UNREACHABLE_CODE = YES;
				CLANG_WARN__DUPLICATE_METHOD_MATCH = YES;
				"CODE_SIGN_IDENTITY[sdk=iphoneos*]" = "iPhone Developer";
				COPY_PHASE_STRIP = NO;
				ENABLE_STRICT_OBJC_MSGSEND = YES;
				GCC_C_LANGUAGE_STANDARD = gnu99;
				GCC_DYNAMIC_NO_PIC = NO;
				GCC_OPTIMIZATION_LEVEL = 0;
				GCC_PREPROCESSOR_DEFINITIONS = (
					"DEBUG=1",
					"$(inherited)",
				);
				GCC_SYMBOLS_PRIVATE_EXTERN = NO;
				GCC_WARN_64_TO_32_BIT_CONVERSION = YES;
				GCC_WARN_ABOUT_RETURN_TYPE = YES_ERROR;
				GCC_WARN_UNDECLARED_SELECTOR = YES;
				GCC_WARN_UNINITIALIZED_AUTOS = YES_AGGRESSIVE;
				GCC_WARN_UNUSED_FUNCTION = YES;
				GCC_WARN_UNUSED_VARIABLE = YES;
				IPHONEOS_DEPLOYMENT_TARGET = 8.1;
				MTL_ENABLE_DEBUG_INFO = YES;
				ONLY_ACTIVE_ARCH = YES;
				SDKROOT = iphoneos;
			};
			name = Debug;
		};
		B2AAC2D61AB56F45002FFF73 /* Release */ = {
			isa = XCBuildConfiguration;
			buildSettings = {
				ALWAYS_SEARCH_USER_PATHS = NO;
				CLANG_CXX_LANGUAGE_STANDARD = "gnu++0x";
				CLANG_CXX_LIBRARY = "libc++";
				CLANG_ENABLE_MODULES = YES;
				CLANG_ENABLE_OBJC_ARC = YES;
				CLANG_WARN_BOOL_CONVERSION = YES;
				CLANG_WARN_CONSTANT_CONVERSION = YES;
				CLANG_WARN_DIRECT_OBJC_ISA_USAGE = YES_ERROR;
				CLANG_WARN_EMPTY_BODY = YES;
				CLANG_WARN_ENUM_CONVERSION = YES;
				CLANG_WARN_INT_CONVERSION = YES;
				CLANG_WARN_OBJC_ROOT_CLASS = YES_ERROR;
				CLANG_WARN_UNREACHABLE_CODE = YES;
				CLANG_WARN__DUPLICATE_METHOD_MATCH = YES;
				"CODE_SIGN_IDENTITY[sdk=iphoneos*]" = "iPhone Developer";
				COPY_PHASE_STRIP = YES;
				ENABLE_NS_ASSERTIONS = NO;
				ENABLE_STRICT_OBJC_MSGSEND = YES;
				GCC_C_LANGUAGE_STANDARD = gnu99;
				GCC_WARN_64_TO_32_BIT_CONVERSION = YES;
				GCC_WARN_ABOUT_RETURN_TYPE = YES_ERROR;
				GCC_WARN_UNDECLARED_SELECTOR = YES;
				GCC_WARN_UNINITIALIZED_AUTOS = YES_AGGRESSIVE;
				GCC_WARN_UNUSED_FUNCTION = YES;
				GCC_WARN_UNUSED_VARIABLE = YES;
				IPHONEOS_DEPLOYMENT_TARGET = 8.1;
				MTL_ENABLE_DEBUG_INFO = NO;
				SDKROOT = iphoneos;
				VALIDATE_PRODUCT = YES;
			};
			name = Release;
		};
		B2AAC2D81AB56F45002FFF73 /* Debug */ = {
			isa = XCBuildConfiguration;
			buildSettings = {
				ASSETCATALOG_COMPILER_APPICON_NAME = AppIcon;
				INFOPLIST_FILE = AirWar/Info.plist;
				LD_RUNPATH_SEARCH_PATHS = "$(inherited) @executable_path/Frameworks";
				PRODUCT_NAME = "$(TARGET_NAME)";
			};
			name = Debug;
		};
		B2AAC2D91AB56F45002FFF73 /* Release */ = {
			isa = XCBuildConfiguration;
			buildSettings = {
				ASSETCATALOG_COMPILER_APPICON_NAME = AppIcon;
				INFOPLIST_FILE = AirWar/Info.plist;
				LD_RUNPATH_SEARCH_PATHS = "$(inherited) @executable_path/Frameworks";
				PRODUCT_NAME = "$(TARGET_NAME)";
			};
			name = Release;
		};
		B2AAC2DB1AB56F45002FFF73 /* Debug */ = {
			isa = XCBuildConfiguration;
			buildSettings = {
				BUNDLE_LOADER = "$(TEST_HOST)";
				FRAMEWORK_SEARCH_PATHS = (
					"$(SDKROOT)/Developer/Library/Frameworks",
					"$(inherited)",
				);
				GCC_PREPROCESSOR_DEFINITIONS = (
					"DEBUG=1",
					"$(inherited)",
				);
				INFOPLIST_FILE = AirWarTests/Info.plist;
				LD_RUNPATH_SEARCH_PATHS = "$(inherited) @executable_path/Frameworks @loader_path/Frameworks";
				PRODUCT_NAME = "$(TARGET_NAME)";
				TEST_HOST = "$(BUILT_PRODUCTS_DIR)/AirWar.app/AirWar";
			};
			name = Debug;
		};
		B2AAC2DC1AB56F45002FFF73 /* Release */ = {
			isa = XCBuildConfiguration;
			buildSettings = {
				BUNDLE_LOADER = "$(TEST_HOST)";
				FRAMEWORK_SEARCH_PATHS = (
					"$(SDKROOT)/Developer/Library/Frameworks",
					"$(inherited)",
				);
				INFOPLIST_FILE = AirWarTests/Info.plist;
				LD_RUNPATH_SEARCH_PATHS = "$(inherited) @executable_path/Frameworks @loader_path/Frameworks";
				PRODUCT_NAME = "$(TARGET_NAME)";
				TEST_HOST = "$(BUILT_PRODUCTS_DIR)/AirWar.app/AirWar";
			};
			name = Release;
		};
/* End XCBuildConfiguration section */

/* Begin XCConfigurationList section */
		B2AAC2AF1AB56F45002FFF73 /* Build configuration list for PBXProject "AirWar" */ = {
			isa = XCConfigurationList;
			buildConfigurations = (
				B2AAC2D51AB56F45002FFF73 /* Debug */,
				B2AAC2D61AB56F45002FFF73 /* Release */,
			);
			defaultConfigurationIsVisible = 0;
			defaultConfigurationName = Release;
		};
		B2AAC2D71AB56F45002FFF73 /* Build configuration list for PBXNativeTarget "AirWar" */ = {
			isa = XCConfigurationList;
			buildConfigurations = (
				B2AAC2D81AB56F45002FFF73 /* Debug */,
				B2AAC2D91AB56F45002FFF73 /* Release */,
			);
			defaultConfigurationIsVisible = 0;
			defaultConfigurationName = Release;
		};
		B2AAC2DA1AB56F45002FFF73 /* Build configuration list for PBXNativeTarget "AirWarTests" */ = {
			isa = XCConfigurationList;
			buildConfigurations = (
				B2AAC2DB1AB56F45002FFF73 /* Debug */,
				B2AAC2DC1AB56F45002FFF73 /* Release */,
			);
			defaultConfigurationIsVisible = 0;
			defaultConfigurationName = Release;
		};
/* End XCConfigurationList section */
	};
	rootObject = B2AAC2AC1AB56F45002FFF73 /* Project object */;
}
